
Microsoft Visual Studio Solution File, Format Version 12.00
Project("{2150E333-8FDC-42A3-9474-1A3956D46DE8}") = "Domain", "Domain", "{6AB8125A-A054-4C20-A873-E93F0E170E4C}"
EndProject
Project("{FAE04EC0-301F-11D3-BF4B-00C04F79EFBC}") = "EMS.Shared", "Domain\EMS.Shared\EMS.Shared.csproj", "{B29F142C-B331-4D22-81AD-D63C80020A76}"
EndProject
Project("{FAE04EC0-301F-11D3-BF4B-00C04F79EFBC}") = "EMS.Data", "Domain\EMS.Data\EMS.Data.csproj", "{B33C7A46-D351-4182-B573-F2DF3BD299C5}"
EndProject
Project("{2150E333-8FDC-42A3-9474-1A3956D46DE8}") = "Infrastructure", "Infrastructure", "{2D42654E-9C21-4669-B2DB-847F2C2B40D9}"
EndProject
Project("{FAE04EC0-301F-11D3-BF4B-00C04F79EFBC}") = "EMS.PersistenceLayer", "Infrastructure\EMS.PersistenceLayer\EMS.PersistenceLayer.csproj", "{4659724E-F914-44F2-A979-8EC2D9672482}"
EndProject
Project("{FAE04EC0-301F-11D3-BF4B-00C04F79EFBC}") = "EMS.Services", "Domain\EMS.Services\EMS.Services.csproj", "{FF485066-985B-4A7D-B5B2-1C189420CF09}"
EndProject
Project("{FAE04EC0-301F-11D3-BF4B-00C04F79EFBC}") = "EMS.DTO", "Domain\EMS.DTO\EMS.DTO.csproj", "{BAA293E6-2A95-4929-AB42-B3F030B84EFD}"
EndProject
Project("{FAE04EC0-301F-11D3-BF4B-00C04F79EFBC}") = "EMS.Api", "EMS.Api\EMS.Api.csproj", "{2455533A-8BE7-48C6-9FC4-CC26CFC668F4}"
EndProject
Project("{2150E333-8FDC-42A3-9474-1A3956D46DE8}") = "Presentation", "Presentation", "{4E53EAFD-3DE0-496C-A46D-6ED7C952D547}"
EndProject
Project("{FAE04EC0-301F-11D3-BF4B-00C04F79EFBC}") = "EMS.Presentation", "Presentation\EMS.Presentation\EMS.Presentation.csproj", "{2071B7FC-4A54-46CC-8BCA-76F2AA663FCB}"
EndProject
Global
	GlobalSection(SolutionConfigurationPlatforms) = preSolution
		Debug|Any CPU = Debug|Any CPU
		Release|Any CPU = Release|Any CPU
	EndGlobalSection
	GlobalSection(NestedProjects) = preSolution
		{B29F142C-B331-4D22-81AD-D63C80020A76} = {6AB8125A-A054-4C20-A873-E93F0E170E4C}
		{B33C7A46-D351-4182-B573-F2DF3BD299C5} = {6AB8125A-A054-4C20-A873-E93F0E170E4C}
		{4659724E-F914-44F2-A979-8EC2D9672482} = {2D42654E-9C21-4669-B2DB-847F2C2B40D9}
		{FF485066-985B-4A7D-B5B2-1C189420CF09} = {6AB8125A-A054-4C20-A873-E93F0E170E4C}
		{BAA293E6-2A95-4929-AB42-B3F030B84EFD} = {6AB8125A-A054-4C20-A873-E93F0E170E4C}
		{2071B7FC-4A54-46CC-8BCA-76F2AA663FCB} = {4E53EAFD-3DE0-496C-A46D-6ED7C952D547}
	EndGlobalSection
	GlobalSection(ProjectConfigurationPlatforms) = postSolution
		{B29F142C-B331-4D22-81AD-D63C80020A76}.Debug|Any CPU.ActiveCfg = Debug|Any CPU
		{B29F142C-B331-4D22-81AD-D63C80020A76}.Debug|Any CPU.Build.0 = Debug|Any CPU
		{B29F142C-B331-4D22-81AD-D63C80020A76}.Release|Any CPU.ActiveCfg = Release|Any CPU
		{B29F142C-B331-4D22-81AD-D63C80020A76}.Release|Any CPU.Build.0 = Release|Any CPU
		{B33C7A46-D351-4182-B573-F2DF3BD299C5}.Debug|Any CPU.ActiveCfg = Debug|Any CPU
		{B33C7A46-D351-4182-B573-F2DF3BD299C5}.Debug|Any CPU.Build.0 = Debug|Any CPU
		{B33C7A46-D351-4182-B573-F2DF3BD299C5}.Release|Any CPU.ActiveCfg = Release|Any CPU
		{B33C7A46-D351-4182-B573-F2DF3BD299C5}.Release|Any CPU.Build.0 = Release|Any CPU
		{4659724E-F914-44F2-A979-8EC2D9672482}.Debug|Any CPU.ActiveCfg = Debug|Any CPU
		{4659724E-F914-44F2-A979-8EC2D9672482}.Debug|Any CPU.Build.0 = Debug|Any CPU
		{4659724E-F914-44F2-A979-8EC2D9672482}.Release|Any CPU.ActiveCfg = Release|Any CPU
		{4659724E-F914-44F2-A979-8EC2D9672482}.Release|Any CPU.Build.0 = Release|Any CPU
		{FF485066-985B-4A7D-B5B2-1C189420CF09}.Debug|Any CPU.ActiveCfg = Debug|Any CPU
		{FF485066-985B-4A7D-B5B2-1C189420CF09}.Debug|Any CPU.Build.0 = Debug|Any CPU
		{FF485066-985B-4A7D-B5B2-1C189420CF09}.Release|Any CPU.ActiveCfg = Release|Any CPU
		{FF485066-985B-4A7D-B5B2-1C189420CF09}.Release|Any CPU.Build.0 = Release|Any CPU
		{BAA293E6-2A95-4929-AB42-B3F030B84EFD}.Debug|Any CPU.ActiveCfg = Debug|Any CPU
		{BAA293E6-2A95-4929-AB42-B3F030B84EFD}.Debug|Any CPU.Build.0 = Debug|Any CPU
		{BAA293E6-2A95-4929-AB42-B3F030B84EFD}.Release|Any CPU.ActiveCfg = Release|Any CPU
		{BAA293E6-2A95-4929-AB42-B3F030B84EFD}.Release|Any CPU.Build.0 = Release|Any CPU
		{2455533A-8BE7-48C6-9FC4-CC26CFC668F4}.Debug|Any CPU.ActiveCfg = Debug|Any CPU
		{2455533A-8BE7-48C6-9FC4-CC26CFC668F4}.Debug|Any CPU.Build.0 = Debug|Any CPU
		{2455533A-8BE7-48C6-9FC4-CC26CFC668F4}.Release|Any CPU.ActiveCfg = Release|Any CPU
		{2455533A-8BE7-48C6-9FC4-CC26CFC668F4}.Release|Any CPU.Build.0 = Release|Any CPU
		{2071B7FC-4A54-46CC-8BCA-76F2AA663FCB}.Debug|Any CPU.ActiveCfg = Debug|Any CPU
		{2071B7FC-4A54-46CC-8BCA-76F2AA663FCB}.Debug|Any CPU.Build.0 = Debug|Any CPU
		{2071B7FC-4A54-46CC-8BCA-76F2AA663FCB}.Release|Any CPU.ActiveCfg = Release|Any CPU
		{2071B7FC-4A54-46CC-8BCA-76F2AA663FCB}.Release|Any CPU.Build.0 = Release|Any CPU
	EndGlobalSection
EndGlobal
