
Microsoft Visual Studio Solution File, Format Version 12.00
Project("{FAE04EC0-301F-11D3-BF4B-00C04F79EFBC}") = "EMS.EmployeeRecords", "EMS.EmployeeRecords\EMS.EmployeeRecords.csproj", "{BBDCA861-95CA-4CED-B4D0-8B9D30EDCAA0}"
EndProject
Global
	GlobalSection(SolutionConfigurationPlatforms) = preSolution
		Debug|Any CPU = Debug|Any CPU
		Release|Any CPU = Release|Any CPU
	EndGlobalSection
	GlobalSection(ProjectConfigurationPlatforms) = postSolution
		{BBDCA861-95CA-4CED-B4D0-8B9D30EDCAA0}.Debug|Any CPU.ActiveCfg = Debug|Any CPU
		{BBDCA861-95CA-4CED-B4D0-8B9D30EDCAA0}.Debug|Any CPU.Build.0 = Debug|Any CPU
		{BBDCA861-95CA-4CED-B4D0-8B9D30EDCAA0}.Release|Any CPU.ActiveCfg = Release|Any CPU
		{BBDCA861-95CA-4CED-B4D0-8B9D30EDCAA0}.Release|Any CPU.Build.0 = Release|Any CPU
	EndGlobalSection
EndGlobal
